
Microsoft Visual Studio Solution File, Format Version 12.00
# Visual Studio Version 16
VisualStudioVersion = 16.0.31515.178
MinimumVisualStudioVersion = 10.0.40219.1
Project("{FAE04EC0-301F-11D3-BF4B-00C04F79EFBC}") = "BlogProject", "BlogProject.csproj", "{D1246DF0-2CB5-4829-AAB8-36729BAD15AE}"
EndProject
Global
	GlobalSection(SolutionConfigurationPlatforms) = preSolution
		Debug|Any CPU = Debug|Any CPU
		Release|Any CPU = Release|Any CPU
	EndGlobalSection
	GlobalSection(ProjectConfigurationPlatforms) = postSolution
		{D1246DF0-2CB5-4829-AAB8-36729BAD15AE}.Debug|Any CPU.ActiveCfg = Debug|Any CPU
		{D1246DF0-2CB5-4829-AAB8-36729BAD15AE}.Debug|Any CPU.Build.0 = Debug|Any CPU
		{D1246DF0-2CB5-4829-AAB8-36729BAD15AE}.Release|Any CPU.ActiveCfg = Release|Any CPU
		{D1246DF0-2CB5-4829-AAB8-36729BAD15AE}.Release|Any CPU.Build.0 = Release|Any CPU
	EndGlobalSection
	GlobalSection(SolutionProperties) = preSolution
		HideSolutionNode = FALSE
	EndGlobalSection
	GlobalSection(ExtensibilityGlobals) = postSolution
		SolutionGuid = {2148479B-5134-433D-B8D9-57CF014A9CC8}
	EndGlobalSection
EndGlobal
